
Microsoft Visual Studio Solution File, Format Version 12.00
Project("{FAE04EC0-301F-11D3-BF4B-00C04F79EFBC}") = "DomainApp", "DomainApp.csproj", "{E8C5118B-389C-4ED3-B3D8-31EB8C3BD411}"
EndProject
Project("{FAE04EC0-301F-11D3-BF4B-00C04F79EFBC}") = "DomainCutter", "DomainCutter\DomainCutter.csproj", "{E2134D11-010E-473E-8456-3D35B329EC05}"
EndProject
Global
	GlobalSection(SolutionConfigurationPlatforms) = preSolution
		Debug|Any CPU = Debug|Any CPU
		Release|Any CPU = Release|Any CPU
	EndGlobalSection
	GlobalSection(ProjectConfigurationPlatforms) = postSolution
		{E8C5118B-389C-4ED3-B3D8-31EB8C3BD411}.Debug|Any CPU.ActiveCfg = Debug|Any CPU
		{E8C5118B-389C-4ED3-B3D8-31EB8C3BD411}.Debug|Any CPU.Build.0 = Debug|Any CPU
		{E8C5118B-389C-4ED3-B3D8-31EB8C3BD411}.Release|Any CPU.ActiveCfg = Release|Any CPU
		{E8C5118B-389C-4ED3-B3D8-31EB8C3BD411}.Release|Any CPU.Build.0 = Release|Any CPU
		{E2134D11-010E-473E-8456-3D35B329EC05}.Debug|Any CPU.ActiveCfg = Debug|Any CPU
		{E2134D11-010E-473E-8456-3D35B329EC05}.Debug|Any CPU.Build.0 = Debug|Any CPU
		{E2134D11-010E-473E-8456-3D35B329EC05}.Release|Any CPU.ActiveCfg = Release|Any CPU
		{E2134D11-010E-473E-8456-3D35B329EC05}.Release|Any CPU.Build.0 = Release|Any CPU
	EndGlobalSection
EndGlobal
